
Microsoft Visual Studio Solution File, Format Version 11.00
# Visual Studio 2010
Project("{FAE04EC0-301F-11D3-BF4B-00C04F79EFBC}") = "Escc.Cms.ResourceHelper", "Escc.Cms.ResourceHelper.csproj", "{EFE9F48B-4069-4E17-BCB7-C7F99AC5E41E}"
EndProject
Project("{FAE04EC0-301F-11D3-BF4B-00C04F79EFBC}") = "EsccWebTeam.Cms", "..\..\eastsussex.gov.uk projects\EsccWebTeam.Cms\EsccWebTeam.Cms.csproj", "{6710E9EE-DEAB-4569-ACE6-F10159D6D447}"
EndProject
Project("{FAE04EC0-301F-11D3-BF4B-00C04F79EFBC}") = "EsccWebTeam.Data.Web", "..\..\_Libraries for re-use\EsccWebTeam.Data.Web\EsccWebTeam.Data.Web.csproj", "{9C56D3DD-4952-4A1B-9AD6-907A1142872F}"
EndProject
Project("{FAE04EC0-301F-11D3-BF4B-00C04F79EFBC}") = "EsccWebTeam.Data.Xml", "..\..\_Libraries for re-use\EsccWebTeam.Data.Xml\EsccWebTeam.Data.Xml.csproj", "{86B2725C-9C37-44A4-93C7-F5122AFA0809}"
EndProject
Project("{FAE04EC0-301F-11D3-BF4B-00C04F79EFBC}") = "EsccWebTeam.HouseStyle", "..\..\_Libraries for re-use\EsccWebTeam.HouseStyle\EsccWebTeam.HouseStyle.csproj", "{1C429378-DBF2-4AF7-88AC-C059AA163682}"
EndProject
Project("{FAE04EC0-301F-11D3-BF4B-00C04F79EFBC}") = "EsccWebTeam.NavigationControls", "..\..\_Libraries for re-use\EsccWebTeam.NavigationControls\EsccWebTeam.NavigationControls.csproj", "{0323F668-1723-44A1-8C94-F91DC59EF315}"
EndProject
Project("{FAE04EC0-301F-11D3-BF4B-00C04F79EFBC}") = "EsccWebTeam.Gdsc", "..\..\_Standards\EsccWebTeam.Gdsc\EsccWebTeam.Gdsc.csproj", "{A0024354-DD16-43E1-8574-176F8BA4F1CA}"
EndProject
Project("{FAE04EC0-301F-11D3-BF4B-00C04F79EFBC}") = "EsccWebTeam.Egms", "..\..\_Standards\E-Government Metadata Standard (E-GMS)\EsccWebTeam.Egms\EsccWebTeam.Egms.csproj", "{78083DCB-B12F-4950-86C5-3A844D8604F3}"
EndProject
Project("{FAE04EC0-301F-11D3-BF4B-00C04F79EFBC}") = "EsccWebTeam.Cms.WebServices", "..\EsccWebTeam.Cms.WebServices\EsccWebTeam.Cms.WebServices.csproj", "{6E24DB9B-0DCB-4D5C-B522-7E57BB5C4955}"
EndProject
Global
	GlobalSection(SourceCodeControl) = preSolution
		SccNumberOfProjects = 10
		SccLocalPath0 = .
		CanCheckoutShared = false
		SccProjectUniqueName1 = ..\\..\\eastsussex.gov.uk\u0020projects\\EsccWebTeam.Cms\\EsccWebTeam.Cms.csproj
		SccProjectName1 = \u0022$/eastsussex.gov.uk\u0020projects/EsccWebTeam.Cms\u0022,\u0020HVABAAAA
		SccLocalPath1 = ..\\..\\eastsussex.gov.uk\u0020projects\\EsccWebTeam.Cms
		CanCheckoutShared = false
		SccProjectUniqueName2 = ..\\..\\_Libraries\u0020for\u0020re-use\\EsccWebTeam.Data.Web\\EsccWebTeam.Data.Web.csproj
		SccProjectName2 = \u0022$/_Libraries\u0020for\u0020re-use/EsccWebTeam.Data.Web\u0022,\u0020AVYEAAAA
		SccLocalPath2 = ..\\..\\_Libraries\u0020for\u0020re-use\\EsccWebTeam.Data.Web
		CanCheckoutShared = false
		SccProjectUniqueName3 = ..\\..\\_Libraries\u0020for\u0020re-use\\EsccWebTeam.Data.Xml\\EsccWebTeam.Data.Xml.csproj
		SccProjectName3 = \u0022$/_Libraries\u0020for\u0020re-use/EsccWebTeam.Data.Xml\u0022,\u0020CGHCAAAA
		SccLocalPath3 = ..\\..\\_Libraries\u0020for\u0020re-use\\EsccWebTeam.Data.Xml
		CanCheckoutShared = false
		SccProjectUniqueName4 = ..\\..\\_Libraries\u0020for\u0020re-use\\EsccWebTeam.HouseStyle\\EsccWebTeam.HouseStyle.csproj
		SccProjectName4 = \u0022$/_Libraries\u0020for\u0020re-use/EsccWebTeam.HouseStyle\u0022,\u0020ULBBAAAA
		SccLocalPath4 = ..\\..\\_Libraries\u0020for\u0020re-use\\EsccWebTeam.HouseStyle
		CanCheckoutShared = false
		SccProjectUniqueName5 = ..\\..\\_Libraries\u0020for\u0020re-use\\EsccWebTeam.NavigationControls\\EsccWebTeam.NavigationControls.csproj
		SccProjectName5 = \u0022$/_Libraries\u0020for\u0020re-use/NavigationControls\u0022,\u0020ATEAAAAA
		SccLocalPath5 = ..\\..\\_Libraries\u0020for\u0020re-use\\EsccWebTeam.NavigationControls
		CanCheckoutShared = false
		SccProjectUniqueName6 = ..\\..\\_Standards\\EsccWebTeam.Gdsc\\EsccWebTeam.Gdsc.csproj
		SccProjectName6 = \u0022$/_Standards/EsccWebTeam.Gdsc\u0022,\u0020COBBAAAA
		SccLocalPath6 = ..\\..\\_Standards\\EsccWebTeam.Gdsc
		CanCheckoutShared = false
		SccProjectUniqueName7 = ..\\..\\_Standards\\E-Government\u0020Metadata\u0020Standard\u0020(E-GMS)\\EsccWebTeam.Egms\\EsccWebTeam.Egms.csproj
		SccProjectName7 = \u0022$/_Standards/E-Government\u0020Metadata\u0020Standard\u0020(E-GMS)/EsccWebTeam.Egms\u0022,\u0020ABBBAAAA
		SccLocalPath7 = ..\\..\\_Standards\\E-Government\u0020Metadata\u0020Standard\u0020(E-GMS)\\EsccWebTeam.Egms
		CanCheckoutShared = false
		SccProjectUniqueName8 = Escc.Cms.ResourceHelper.csproj
		SccLocalPath8 = .
		CanCheckoutShared = false
		SccProjectUniqueName9 = ..\\EsccWebTeam.Cms.WebServices\\EsccWebTeam.Cms.WebServices.csproj
		SccProjectName9 = \u0022$/Microsoft\u0020CMS\u0020utilities/EsccWebTeam.Cms.WebServices\u0022,\u0020XTWAAAAA
		SccLocalPath9 = ..\\EsccWebTeam.Cms.WebServices
		CanCheckoutShared = false
	EndGlobalSection
	GlobalSection(SolutionConfigurationPlatforms) = preSolution
		Debug|Any CPU = Debug|Any CPU
		Debug|Mixed Platforms = Debug|Mixed Platforms
		Debug|x86 = Debug|x86
		Release|Any CPU = Release|Any CPU
		Release|Mixed Platforms = Release|Mixed Platforms
		Release|x86 = Release|x86
		UAT|Any CPU = UAT|Any CPU
		UAT|Mixed Platforms = UAT|Mixed Platforms
		UAT|x86 = UAT|x86
	EndGlobalSection
	GlobalSection(ProjectConfigurationPlatforms) = postSolution
		{EFE9F48B-4069-4E17-BCB7-C7F99AC5E41E}.Debug|Any CPU.ActiveCfg = Debug|x86
		{EFE9F48B-4069-4E17-BCB7-C7F99AC5E41E}.Debug|Mixed Platforms.ActiveCfg = Debug|x86
		{EFE9F48B-4069-4E17-BCB7-C7F99AC5E41E}.Debug|Mixed Platforms.Build.0 = Debug|x86
		{EFE9F48B-4069-4E17-BCB7-C7F99AC5E41E}.Debug|x86.ActiveCfg = Debug|x86
		{EFE9F48B-4069-4E17-BCB7-C7F99AC5E41E}.Debug|x86.Build.0 = Debug|x86
		{EFE9F48B-4069-4E17-BCB7-C7F99AC5E41E}.Release|Any CPU.ActiveCfg = Release|x86
		{EFE9F48B-4069-4E17-BCB7-C7F99AC5E41E}.Release|Mixed Platforms.ActiveCfg = Release|x86
		{EFE9F48B-4069-4E17-BCB7-C7F99AC5E41E}.Release|Mixed Platforms.Build.0 = Release|x86
		{EFE9F48B-4069-4E17-BCB7-C7F99AC5E41E}.Release|x86.ActiveCfg = Release|x86
		{EFE9F48B-4069-4E17-BCB7-C7F99AC5E41E}.Release|x86.Build.0 = Release|x86
		{EFE9F48B-4069-4E17-BCB7-C7F99AC5E41E}.UAT|Any CPU.ActiveCfg = Release|x86
		{EFE9F48B-4069-4E17-BCB7-C7F99AC5E41E}.UAT|Mixed Platforms.ActiveCfg = Release|x86
		{EFE9F48B-4069-4E17-BCB7-C7F99AC5E41E}.UAT|Mixed Platforms.Build.0 = Release|x86
		{EFE9F48B-4069-4E17-BCB7-C7F99AC5E41E}.UAT|x86.ActiveCfg = Release|x86
		{EFE9F48B-4069-4E17-BCB7-C7F99AC5E41E}.UAT|x86.Build.0 = Release|x86
		{6710E9EE-DEAB-4569-ACE6-F10159D6D447}.Debug|Any CPU.ActiveCfg = Debug|Any CPU
		{6710E9EE-DEAB-4569-ACE6-F10159D6D447}.Debug|Any CPU.Build.0 = Debug|Any CPU
		{6710E9EE-DEAB-4569-ACE6-F10159D6D447}.Debug|Mixed Platforms.ActiveCfg = Debug|Any CPU
		{6710E9EE-DEAB-4569-ACE6-F10159D6D447}.Debug|Mixed Platforms.Build.0 = Debug|Any CPU
		{6710E9EE-DEAB-4569-ACE6-F10159D6D447}.Debug|x86.ActiveCfg = Debug|Any CPU
		{6710E9EE-DEAB-4569-ACE6-F10159D6D447}.Release|Any CPU.ActiveCfg = Release|Any CPU
		{6710E9EE-DEAB-4569-ACE6-F10159D6D447}.Release|Any CPU.Build.0 = Release|Any CPU
		{6710E9EE-DEAB-4569-ACE6-F10159D6D447}.Release|Mixed Platforms.ActiveCfg = Release|Any CPU
		{6710E9EE-DEAB-4569-ACE6-F10159D6D447}.Release|Mixed Platforms.Build.0 = Release|Any CPU
		{6710E9EE-DEAB-4569-ACE6-F10159D6D447}.Release|x86.ActiveCfg = Release|Any CPU
		{6710E9EE-DEAB-4569-ACE6-F10159D6D447}.UAT|Any CPU.ActiveCfg = Release|Any CPU
		{6710E9EE-DEAB-4569-ACE6-F10159D6D447}.UAT|Any CPU.Build.0 = Release|Any CPU
		{6710E9EE-DEAB-4569-ACE6-F10159D6D447}.UAT|Mixed Platforms.ActiveCfg = Release|Any CPU
		{6710E9EE-DEAB-4569-ACE6-F10159D6D447}.UAT|Mixed Platforms.Build.0 = Release|Any CPU
		{6710E9EE-DEAB-4569-ACE6-F10159D6D447}.UAT|x86.ActiveCfg = Release|Any CPU
		{9C56D3DD-4952-4A1B-9AD6-907A1142872F}.Debug|Any CPU.ActiveCfg = Debug|Any CPU
		{9C56D3DD-4952-4A1B-9AD6-907A1142872F}.Debug|Any CPU.Build.0 = Debug|Any CPU
		{9C56D3DD-4952-4A1B-9AD6-907A1142872F}.Debug|Mixed Platforms.ActiveCfg = Debug|Any CPU
		{9C56D3DD-4952-4A1B-9AD6-907A1142872F}.Debug|Mixed Platforms.Build.0 = Debug|Any CPU
		{9C56D3DD-4952-4A1B-9AD6-907A1142872F}.Debug|x86.ActiveCfg = Debug|Any CPU
		{9C56D3DD-4952-4A1B-9AD6-907A1142872F}.Release|Any CPU.ActiveCfg = Release|Any CPU
		{9C56D3DD-4952-4A1B-9AD6-907A1142872F}.Release|Any CPU.Build.0 = Release|Any CPU
		{9C56D3DD-4952-4A1B-9AD6-907A1142872F}.Release|Mixed Platforms.ActiveCfg = Release|Any CPU
		{9C56D3DD-4952-4A1B-9AD6-907A1142872F}.Release|Mixed Platforms.Build.0 = Release|Any CPU
		{9C56D3DD-4952-4A1B-9AD6-907A1142872F}.Release|x86.ActiveCfg = Release|Any CPU
		{9C56D3DD-4952-4A1B-9AD6-907A1142872F}.UAT|Any CPU.ActiveCfg = Release|Any CPU
		{9C56D3DD-4952-4A1B-9AD6-907A1142872F}.UAT|Any CPU.Build.0 = Release|Any CPU
		{9C56D3DD-4952-4A1B-9AD6-907A1142872F}.UAT|Mixed Platforms.ActiveCfg = Release|Any CPU
		{9C56D3DD-4952-4A1B-9AD6-907A1142872F}.UAT|Mixed Platforms.Build.0 = Release|Any CPU
		{9C56D3DD-4952-4A1B-9AD6-907A1142872F}.UAT|x86.ActiveCfg = Release|Any CPU
		{86B2725C-9C37-44A4-93C7-F5122AFA0809}.Debug|Any CPU.ActiveCfg = Debug|Any CPU
		{86B2725C-9C37-44A4-93C7-F5122AFA0809}.Debug|Any CPU.Build.0 = Debug|Any CPU
		{86B2725C-9C37-44A4-93C7-F5122AFA0809}.Debug|Mixed Platforms.ActiveCfg = Debug|Any CPU
		{86B2725C-9C37-44A4-93C7-F5122AFA0809}.Debug|Mixed Platforms.Build.0 = Debug|Any CPU
		{86B2725C-9C37-44A4-93C7-F5122AFA0809}.Debug|x86.ActiveCfg = Debug|Any CPU
		{86B2725C-9C37-44A4-93C7-F5122AFA0809}.Release|Any CPU.ActiveCfg = Release|Any CPU
		{86B2725C-9C37-44A4-93C7-F5122AFA0809}.Release|Any CPU.Build.0 = Release|Any CPU
		{86B2725C-9C37-44A4-93C7-F5122AFA0809}.Release|Mixed Platforms.ActiveCfg = Release|Any CPU
		{86B2725C-9C37-44A4-93C7-F5122AFA0809}.Release|Mixed Platforms.Build.0 = Release|Any CPU
		{86B2725C-9C37-44A4-93C7-F5122AFA0809}.Release|x86.ActiveCfg = Release|Any CPU
		{86B2725C-9C37-44A4-93C7-F5122AFA0809}.UAT|Any CPU.ActiveCfg = UAT|Any CPU
		{86B2725C-9C37-44A4-93C7-F5122AFA0809}.UAT|Any CPU.Build.0 = UAT|Any CPU
		{86B2725C-9C37-44A4-93C7-F5122AFA0809}.UAT|Mixed Platforms.ActiveCfg = UAT|Any CPU
		{86B2725C-9C37-44A4-93C7-F5122AFA0809}.UAT|Mixed Platforms.Build.0 = UAT|Any CPU
		{86B2725C-9C37-44A4-93C7-F5122AFA0809}.UAT|x86.ActiveCfg = UAT|Any CPU
		{1C429378-DBF2-4AF7-88AC-C059AA163682}.Debug|Any CPU.ActiveCfg = Debug|Any CPU
		{1C429378-DBF2-4AF7-88AC-C059AA163682}.Debug|Any CPU.Build.0 = Debug|Any CPU
		{1C429378-DBF2-4AF7-88AC-C059AA163682}.Debug|Mixed Platforms.ActiveCfg = Debug|Any CPU
		{1C429378-DBF2-4AF7-88AC-C059AA163682}.Debug|Mixed Platforms.Build.0 = Debug|Any CPU
		{1C429378-DBF2-4AF7-88AC-C059AA163682}.Debug|x86.ActiveCfg = Debug|Any CPU
		{1C429378-DBF2-4AF7-88AC-C059AA163682}.Release|Any CPU.ActiveCfg = Release|Any CPU
		{1C429378-DBF2-4AF7-88AC-C059AA163682}.Release|Any CPU.Build.0 = Release|Any CPU
		{1C429378-DBF2-4AF7-88AC-C059AA163682}.Release|Mixed Platforms.ActiveCfg = Release|Any CPU
		{1C429378-DBF2-4AF7-88AC-C059AA163682}.Release|Mixed Platforms.Build.0 = Release|Any CPU
		{1C429378-DBF2-4AF7-88AC-C059AA163682}.Release|x86.ActiveCfg = Release|Any CPU
		{1C429378-DBF2-4AF7-88AC-C059AA163682}.UAT|Any CPU.ActiveCfg = Release|Any CPU
		{1C429378-DBF2-4AF7-88AC-C059AA163682}.UAT|Any CPU.Build.0 = Release|Any CPU
		{1C429378-DBF2-4AF7-88AC-C059AA163682}.UAT|Mixed Platforms.ActiveCfg = Release|Any CPU
		{1C429378-DBF2-4AF7-88AC-C059AA163682}.UAT|Mixed Platforms.Build.0 = Release|Any CPU
		{1C429378-DBF2-4AF7-88AC-C059AA163682}.UAT|x86.ActiveCfg = Release|Any CPU
		{0323F668-1723-44A1-8C94-F91DC59EF315}.Debug|Any CPU.ActiveCfg = Debug|Any CPU
		{0323F668-1723-44A1-8C94-F91DC59EF315}.Debug|Any CPU.Build.0 = Debug|Any CPU
		{0323F668-1723-44A1-8C94-F91DC59EF315}.Debug|Mixed Platforms.ActiveCfg = Debug|Any CPU
		{0323F668-1723-44A1-8C94-F91DC59EF315}.Debug|Mixed Platforms.Build.0 = Debug|Any CPU
		{0323F668-1723-44A1-8C94-F91DC59EF315}.Debug|x86.ActiveCfg = Debug|Any CPU
		{0323F668-1723-44A1-8C94-F91DC59EF315}.Release|Any CPU.ActiveCfg = Release|Any CPU
		{0323F668-1723-44A1-8C94-F91DC59EF315}.Release|Any CPU.Build.0 = Release|Any CPU
		{0323F668-1723-44A1-8C94-F91DC59EF315}.Release|Mixed Platforms.ActiveCfg = Release|Any CPU
		{0323F668-1723-44A1-8C94-F91DC59EF315}.Release|Mixed Platforms.Build.0 = Release|Any CPU
		{0323F668-1723-44A1-8C94-F91DC59EF315}.Release|x86.ActiveCfg = Release|Any CPU
		{0323F668-1723-44A1-8C94-F91DC59EF315}.UAT|Any CPU.ActiveCfg = Release|Any CPU
		{0323F668-1723-44A1-8C94-F91DC59EF315}.UAT|Any CPU.Build.0 = Release|Any CPU
		{0323F668-1723-44A1-8C94-F91DC59EF315}.UAT|Mixed Platforms.ActiveCfg = Release|Any CPU
		{0323F668-1723-44A1-8C94-F91DC59EF315}.UAT|Mixed Platforms.Build.0 = Release|Any CPU
		{0323F668-1723-44A1-8C94-F91DC59EF315}.UAT|x86.ActiveCfg = Release|Any CPU
		{A0024354-DD16-43E1-8574-176F8BA4F1CA}.Debug|Any CPU.ActiveCfg = Debug|Any CPU
		{A0024354-DD16-43E1-8574-176F8BA4F1CA}.Debug|Any CPU.Build.0 = Debug|Any CPU
		{A0024354-DD16-43E1-8574-176F8BA4F1CA}.Debug|Mixed Platforms.ActiveCfg = Debug|Any CPU
		{A0024354-DD16-43E1-8574-176F8BA4F1CA}.Debug|Mixed Platforms.Build.0 = Debug|Any CPU
		{A0024354-DD16-43E1-8574-176F8BA4F1CA}.Debug|x86.ActiveCfg = Debug|Any CPU
		{A0024354-DD16-43E1-8574-176F8BA4F1CA}.Release|Any CPU.ActiveCfg = Release|Any CPU
		{A0024354-DD16-43E1-8574-176F8BA4F1CA}.Release|Any CPU.Build.0 = Release|Any CPU
		{A0024354-DD16-43E1-8574-176F8BA4F1CA}.Release|Mixed Platforms.ActiveCfg = Release|Any CPU
		{A0024354-DD16-43E1-8574-176F8BA4F1CA}.Release|Mixed Platforms.Build.0 = Release|Any CPU
		{A0024354-DD16-43E1-8574-176F8BA4F1CA}.Release|x86.ActiveCfg = Release|Any CPU
		{A0024354-DD16-43E1-8574-176F8BA4F1CA}.UAT|Any CPU.ActiveCfg = Release|Any CPU
		{A0024354-DD16-43E1-8574-176F8BA4F1CA}.UAT|Any CPU.Build.0 = Release|Any CPU
		{A0024354-DD16-43E1-8574-176F8BA4F1CA}.UAT|Mixed Platforms.ActiveCfg = Release|Any CPU
		{A0024354-DD16-43E1-8574-176F8BA4F1CA}.UAT|Mixed Platforms.Build.0 = Release|Any CPU
		{A0024354-DD16-43E1-8574-176F8BA4F1CA}.UAT|x86.ActiveCfg = Release|Any CPU
		{78083DCB-B12F-4950-86C5-3A844D8604F3}.Debug|Any CPU.ActiveCfg = Debug|Any CPU
		{78083DCB-B12F-4950-86C5-3A844D8604F3}.Debug|Any CPU.Build.0 = Debug|Any CPU
		{78083DCB-B12F-4950-86C5-3A844D8604F3}.Debug|Mixed Platforms.ActiveCfg = Debug|Any CPU
		{78083DCB-B12F-4950-86C5-3A844D8604F3}.Debug|Mixed Platforms.Build.0 = Debug|Any CPU
		{78083DCB-B12F-4950-86C5-3A844D8604F3}.Debug|x86.ActiveCfg = Debug|Any CPU
		{78083DCB-B12F-4950-86C5-3A844D8604F3}.Release|Any CPU.ActiveCfg = Release|Any CPU
		{78083DCB-B12F-4950-86C5-3A844D8604F3}.Release|Any CPU.Build.0 = Release|Any CPU
		{78083DCB-B12F-4950-86C5-3A844D8604F3}.Release|Mixed Platforms.ActiveCfg = Release|Any CPU
		{78083DCB-B12F-4950-86C5-3A844D8604F3}.Release|Mixed Platforms.Build.0 = Release|Any CPU
		{78083DCB-B12F-4950-86C5-3A844D8604F3}.Release|x86.ActiveCfg = Release|Any CPU
		{78083DCB-B12F-4950-86C5-3A844D8604F3}.UAT|Any CPU.ActiveCfg = UAT|Any CPU
		{78083DCB-B12F-4950-86C5-3A844D8604F3}.UAT|Any CPU.Build.0 = UAT|Any CPU
		{78083DCB-B12F-4950-86C5-3A844D8604F3}.UAT|Mixed Platforms.ActiveCfg = UAT|Any CPU
		{78083DCB-B12F-4950-86C5-3A844D8604F3}.UAT|Mixed Platforms.Build.0 = UAT|Any CPU
		{78083DCB-B12F-4950-86C5-3A844D8604F3}.UAT|x86.ActiveCfg = UAT|Any CPU
		{6E24DB9B-0DCB-4D5C-B522-7E57BB5C4955}.Debug|Any CPU.ActiveCfg = Debug|Any CPU
		{6E24DB9B-0DCB-4D5C-B522-7E57BB5C4955}.Debug|Any CPU.Build.0 = Debug|Any CPU
		{6E24DB9B-0DCB-4D5C-B522-7E57BB5C4955}.Debug|Mixed Platforms.ActiveCfg = Debug|Any CPU
		{6E24DB9B-0DCB-4D5C-B522-7E57BB5C4955}.Debug|Mixed Platforms.Build.0 = Debug|Any CPU
		{6E24DB9B-0DCB-4D5C-B522-7E57BB5C4955}.Debug|x86.ActiveCfg = Debug|Any CPU
		{6E24DB9B-0DCB-4D5C-B522-7E57BB5C4955}.Release|Any CPU.ActiveCfg = Release|Any CPU
		{6E24DB9B-0DCB-4D5C-B522-7E57BB5C4955}.Release|Any CPU.Build.0 = Release|Any CPU
		{6E24DB9B-0DCB-4D5C-B522-7E57BB5C4955}.Release|Mixed Platforms.ActiveCfg = Release|Any CPU
		{6E24DB9B-0DCB-4D5C-B522-7E57BB5C4955}.Release|Mixed Platforms.Build.0 = Release|Any CPU
		{6E24DB9B-0DCB-4D5C-B522-7E57BB5C4955}.Release|x86.ActiveCfg = Release|Any CPU
		{6E24DB9B-0DCB-4D5C-B522-7E57BB5C4955}.UAT|Any CPU.ActiveCfg = Release|Any CPU
		{6E24DB9B-0DCB-4D5C-B522-7E57BB5C4955}.UAT|Any CPU.Build.0 = Release|Any CPU
		{6E24DB9B-0DCB-4D5C-B522-7E57BB5C4955}.UAT|Mixed Platforms.ActiveCfg = Release|Any CPU
		{6E24DB9B-0DCB-4D5C-B522-7E57BB5C4955}.UAT|Mixed Platforms.Build.0 = Release|Any CPU
		{6E24DB9B-0DCB-4D5C-B522-7E57BB5C4955}.UAT|x86.ActiveCfg = Release|Any CPU
	EndGlobalSection
	GlobalSection(SolutionProperties) = preSolution
		HideSolutionNode = FALSE
	EndGlobalSection
EndGlobal
